
Microsoft Visual Studio Solution File, Format Version 12.00
# Visual Studio 15
VisualStudioVersion = 15.0.27004.2006
MinimumVisualStudioVersion = 10.0.40219.1
Project("{2150E333-8FDC-42A3-9474-1A3956D46DE8}") = "ZhiHuExt", "ZhiHuExt", "{93675B82-EC6C-4F02-80C6-4872E07264D3}"
	ProjectSection(SolutionItems) = preProject
		ZhiHuExt\analysis.js = ZhiHuExt\analysis.js
		ZhiHuExt\ArticlePage.js = ZhiHuExt\ArticlePage.js
		ZhiHuExt\AssocAns.html = ZhiHuExt\AssocAns.html
		ZhiHuExt\AssocAns.js = ZhiHuExt\AssocAns.js
		ZhiHuExt\background.html = ZhiHuExt\background.html
		ZhiHuExt\background.js = ZhiHuExt\background.js
		ZhiHuExt\base64.js = ZhiHuExt\base64.js
		ZhiHuExt\content.js = ZhiHuExt\content.js
		ZhiHuExt\ContentBase.js = ZhiHuExt\ContentBase.js
		ZhiHuExt\DownloadMan.js = ZhiHuExt\DownloadMan.js
		ZhiHuExt\icon.png = ZhiHuExt\icon.png
		ZhiHuExt\manifest.json = ZhiHuExt\manifest.json
		ZhiHuExt\PeoplePage.js = ZhiHuExt\PeoplePage.js
		ZhiHuExt\pod.js = ZhiHuExt\pod.js
		ZhiHuExt\popup.html = ZhiHuExt\popup.html
		ZhiHuExt\popup.js = ZhiHuExt\popup.js
		README.md = README.md
		ZhiHuExt\RepResPage.js = ZhiHuExt\RepResPage.js
		ZhiHuExt\utils.js = ZhiHuExt\utils.js
	EndProjectSection
	ProjectSection(FolderGlobals) = preProject
		__JSONSchema = 
	EndProjectSection
EndProject
Project("{2150E333-8FDC-42A3-9474-1A3956D46DE8}") = "Dependecy", "Dependecy", "{E476A3D7-D0E1-40EA-990A-D165CFDB83D7}"
	ProjectSection(SolutionItems) = preProject
		Dependency\dexie.js = Dependency\dexie.js
		ZhiHuExt\dexie.min.js = ZhiHuExt\dexie.min.js
		ZhiHuExt\dexie.min.js.map = ZhiHuExt\dexie.min.js.map
		Dependency\jquery-3.2.1.js = Dependency\jquery-3.2.1.js
		ZhiHuExt\jquery-3.2.1.min.js = ZhiHuExt\jquery-3.2.1.min.js
		ZhiHuExt\jquery-3.2.1.min.map = ZhiHuExt\jquery-3.2.1.min.map
	EndProjectSection
EndProject
Project("{2150E333-8FDC-42A3-9474-1A3956D46DE8}") = "TypeDoc", "TypeDoc", "{BFFEC1DB-48AB-4FFA-B5E1-8273096F39F8}"
	ProjectSection(SolutionItems) = preProject
		ZhiHuExt\dexie.min.d.ts = ZhiHuExt\dexie.min.d.ts
	EndProjectSection
EndProject
Global
	GlobalSection(SolutionProperties) = preSolution
		HideSolutionNode = FALSE
	EndGlobalSection
	GlobalSection(ExtensibilityGlobals) = postSolution
		SolutionGuid = {032E8EC3-655A-4377-BA13-6692BB5DC119}
	EndGlobalSection
EndGlobal
