
Microsoft Visual Studio Solution File, Format Version 12.00
# Visual Studio 15
VisualStudioVersion = 15.0.27130.0
MinimumVisualStudioVersion = 10.0.40219.1
Project("{2150E333-8FDC-42A3-9474-1A3956D46DE8}") = "ZhiHuExt", "ZhiHuExt", "{93675B82-EC6C-4F02-80C6-4872E07264D3}"
	ProjectSection(SolutionItems) = preProject
		ZhiHuExt\analysis.js = ZhiHuExt\analysis.js
		ZhiHuExt\background.js = ZhiHuExt\background.js
		ZhiHuExt\CommunityRep.js = ZhiHuExt\CommunityRep.js
		ZhiHuExt\content.js = ZhiHuExt\content.js
		ZhiHuExt\ContentBase.js = ZhiHuExt\ContentBase.js
		ZhiHuExt\CoreDB.js = ZhiHuExt\CoreDB.js
		ZhiHuExt\cssfix.css = ZhiHuExt\cssfix.css
		ZhiHuExt\DownloadMan.js = ZhiHuExt\DownloadMan.js
		ZhiHuExt\icon.png = ZhiHuExt\icon.png
		ZhiHuExt\manifest.json = ZhiHuExt\manifest.json
		ZhiHuExt\PageEnhance.js = ZhiHuExt\PageEnhance.js
		ZhiHuExt\pod.js = ZhiHuExt\pod.js
		ZhiHuExt\RepResPage.js = ZhiHuExt\RepResPage.js
		ZhiHuExt\Timeline.js = ZhiHuExt\Timeline.js
		ZhiHuExt\utils.js = ZhiHuExt\utils.js
		ZhiHuExt\ZhiHuHooker.js = ZhiHuExt\ZhiHuHooker.js
	EndProjectSection
	ProjectSection(FolderGlobals) = preProject
		__JSONSchema = 
	EndProjectSection
EndProject
Project("{2150E333-8FDC-42A3-9474-1A3956D46DE8}") = "Dependecy", "Dependecy", "{E476A3D7-D0E1-40EA-990A-D165CFDB83D7}"
EndProject
Project("{2150E333-8FDC-42A3-9474-1A3956D46DE8}") = "template-json", "template-json", "{BFFEC1DB-48AB-4FFA-B5E1-8273096F39F8}"
EndProject
Project("{9A19103F-16F7-4668-BE54-9A1E7A4F7556}") = "DBExportor", "DBExportor\DBExportor.csproj", "{772249B6-6F17-4997-9A6D-CE98688727C1}"
EndProject
Project("{2150E333-8FDC-42A3-9474-1A3956D46DE8}") = "Pages", "Pages", "{E8E9AB37-4664-46E6-9213-3E924CD6B125}"
	ProjectSection(SolutionItems) = preProject
		ZhiHuExt\AnalysePage.js = ZhiHuExt\AnalysePage.js
		ZhiHuExt\AssocAns.html = ZhiHuExt\AssocAns.html
		ZhiHuExt\AssocAns.js = ZhiHuExt\AssocAns.js
		ZhiHuExt\AutoSpider.html = ZhiHuExt\AutoSpider.html
		ZhiHuExt\AutoSpider.js = ZhiHuExt\AutoSpider.js
		ZhiHuExt\background.html = ZhiHuExt\background.html
		ZhiHuExt\Export.html = ZhiHuExt\Export.html
		ZhiHuExt\Export.js = ZhiHuExt\Export.js
		ZhiHuExt\popup.html = ZhiHuExt\popup.html
		ZhiHuExt\popup.js = ZhiHuExt\popup.js
		ZhiHuExt\Relations.html = ZhiHuExt\Relations.html
		ZhiHuExt\Relations.js = ZhiHuExt\Relations.js
		ZhiHuExt\StatVoter.html = ZhiHuExt\StatVoter.html
		ZhiHuExt\StatVoter.js = ZhiHuExt\StatVoter.js
		ZhiHuExt\Timeline.html = ZhiHuExt\Timeline.html
		ZhiHuExt\Timeline.js = ZhiHuExt\Timeline.js
	EndProjectSection
EndProject
Project("{2150E333-8FDC-42A3-9474-1A3956D46DE8}") = "template", "template", "{D348C6E8-E1A4-4D91-A246-BACD33EE99A0}"
EndProject
Project("{2150E333-8FDC-42A3-9474-1A3956D46DE8}") = "3rd", "3rd", "{30046561-6196-4231-96CA-494F6AD31CDB}"
	ProjectSection(SolutionItems) = preProject
		ZhiHuExt\3rd\js\3d-force-graph-1.10.1.js = ZhiHuExt\3rd\js\3d-force-graph-1.10.1.js
		ZhiHuExt\3rd\js\clipboard.min.js = ZhiHuExt\3rd\js\clipboard.min.js
		ZhiHuExt\3rd\js\dexie.d.ts = ZhiHuExt\3rd\js\dexie.d.ts
		ZhiHuExt\3rd\js\dexie.js = ZhiHuExt\3rd\js\dexie.js
		ZhiHuExt\3rd\js\dexie.js.map = ZhiHuExt\3rd\js\dexie.js.map
		ZhiHuExt\3rd\js\echarts.js = ZhiHuExt\3rd\js\echarts.js
		ZhiHuExt\3rd\js\jquery-3.2.1.min.js = ZhiHuExt\3rd\js\jquery-3.2.1.min.js
		ZhiHuExt\3rd\js\jquery-3.2.1.min.map = ZhiHuExt\3rd\js\jquery-3.2.1.min.map
		ZhiHuExt\3rd\js\jquery.dataTables.min.js = ZhiHuExt\3rd\js\jquery.dataTables.min.js
		ZhiHuExt\3rd\js\nouislider.min.js = ZhiHuExt\3rd\js\nouislider.min.js
	EndProjectSection
EndProject
Project("{2150E333-8FDC-42A3-9474-1A3956D46DE8}") = "OtherFiles", "OtherFiles", "{CF250E46-07C2-4D71-9719-75BF285BC6D0}"
	ProjectSection(SolutionItems) = preProject
		README.md = README.md
	EndProjectSection
EndProject
Project("{2150E333-8FDC-42A3-9474-1A3956D46DE8}") = "License", "License", "{0E601121-1D6D-4E85-A07C-5F6C0C7B46F9}"
	ProjectSection(SolutionItems) = preProject
		License\3d-force-graph.license = License\3d-force-graph.license
		License\Dexie.license = License\Dexie.license
		License\echarts.license = License\echarts.license
		License\jQuery.license = License\jQuery.license
	EndProjectSection
EndProject
Global
	GlobalSection(SolutionConfigurationPlatforms) = preSolution
		Debug|Any CPU = Debug|Any CPU
		Release|Any CPU = Release|Any CPU
	EndGlobalSection
	GlobalSection(ProjectConfigurationPlatforms) = postSolution
		{772249B6-6F17-4997-9A6D-CE98688727C1}.Debug|Any CPU.ActiveCfg = Debug|Any CPU
		{772249B6-6F17-4997-9A6D-CE98688727C1}.Debug|Any CPU.Build.0 = Debug|Any CPU
		{772249B6-6F17-4997-9A6D-CE98688727C1}.Release|Any CPU.ActiveCfg = Release|Any CPU
		{772249B6-6F17-4997-9A6D-CE98688727C1}.Release|Any CPU.Build.0 = Release|Any CPU
	EndGlobalSection
	GlobalSection(SolutionProperties) = preSolution
		HideSolutionNode = FALSE
	EndGlobalSection
	GlobalSection(NestedProjects) = preSolution
		{E476A3D7-D0E1-40EA-990A-D165CFDB83D7} = {93675B82-EC6C-4F02-80C6-4872E07264D3}
		{E8E9AB37-4664-46E6-9213-3E924CD6B125} = {93675B82-EC6C-4F02-80C6-4872E07264D3}
		{D348C6E8-E1A4-4D91-A246-BACD33EE99A0} = {BFFEC1DB-48AB-4FFA-B5E1-8273096F39F8}
		{30046561-6196-4231-96CA-494F6AD31CDB} = {E476A3D7-D0E1-40EA-990A-D165CFDB83D7}
	EndGlobalSection
	GlobalSection(ExtensibilityGlobals) = postSolution
		SolutionGuid = {032E8EC3-655A-4377-BA13-6692BB5DC119}
	EndGlobalSection
EndGlobal
