
Microsoft Visual Studio Solution File, Format Version 12.00
# Visual Studio 15
VisualStudioVersion = 15.0.27004.2008
MinimumVisualStudioVersion = 10.0.40219.1
Project("{2150E333-8FDC-42A3-9474-1A3956D46DE8}") = "ZhiHuExt", "ZhiHuExt", "{93675B82-EC6C-4F02-80C6-4872E07264D3}"
	ProjectSection(SolutionItems) = preProject
		ZhiHuExt\analysis.js = ZhiHuExt\analysis.js
		ZhiHuExt\ArticlePage.js = ZhiHuExt\ArticlePage.js
		ZhiHuExt\background.js = ZhiHuExt\background.js
		ZhiHuExt\CommunityRep.js = ZhiHuExt\CommunityRep.js
		ZhiHuExt\content.js = ZhiHuExt\content.js
		ZhiHuExt\ContentBase.js = ZhiHuExt\ContentBase.js
		ZhiHuExt\CoreDB.js = ZhiHuExt\CoreDB.js
		ZhiHuExt\cssfix.css = ZhiHuExt\cssfix.css
		ZhiHuExt\DownloadMan.js = ZhiHuExt\DownloadMan.js
		ZhiHuExt\icon.png = ZhiHuExt\icon.png
		ZhiHuExt\manifest.json = ZhiHuExt\manifest.json
		ZhiHuExt\PeoplePage.js = ZhiHuExt\PeoplePage.js
		ZhiHuExt\pod.js = ZhiHuExt\pod.js
		ZhiHuExt\QuestionPage.js = ZhiHuExt\QuestionPage.js
		README.md = README.md
		ZhiHuExt\RepResPage.js = ZhiHuExt\RepResPage.js
		ZhiHuExt\utils.js = ZhiHuExt\utils.js
	EndProjectSection
	ProjectSection(FolderGlobals) = preProject
		__JSONSchema = 
	EndProjectSection
EndProject
Project("{2150E333-8FDC-42A3-9474-1A3956D46DE8}") = "Dependecy", "Dependecy", "{E476A3D7-D0E1-40EA-990A-D165CFDB83D7}"
	ProjectSection(SolutionItems) = preProject
		Dependency\dexie.js = Dependency\dexie.js
		ZhiHuExt\dexie.min.js = ZhiHuExt\dexie.min.js
		ZhiHuExt\dexie.min.js.map = ZhiHuExt\dexie.min.js.map
		Dependency\jquery-3.2.1.js = Dependency\jquery-3.2.1.js
		ZhiHuExt\jquery-3.2.1.min.js = ZhiHuExt\jquery-3.2.1.min.js
		ZhiHuExt\jquery-3.2.1.min.map = ZhiHuExt\jquery-3.2.1.min.map
	EndProjectSection
EndProject
Project("{2150E333-8FDC-42A3-9474-1A3956D46DE8}") = "TypeDoc", "TypeDoc", "{BFFEC1DB-48AB-4FFA-B5E1-8273096F39F8}"
	ProjectSection(SolutionItems) = preProject
		ZhiHuExt\dexie.min.d.ts = ZhiHuExt\dexie.min.d.ts
	EndProjectSection
EndProject
Project("{9A19103F-16F7-4668-BE54-9A1E7A4F7556}") = "DBExportor", "DBExportor\DBExportor.csproj", "{772249B6-6F17-4997-9A6D-CE98688727C1}"
EndProject
Project("{2150E333-8FDC-42A3-9474-1A3956D46DE8}") = "Pages", "Pages", "{E8E9AB37-4664-46E6-9213-3E924CD6B125}"
	ProjectSection(SolutionItems) = preProject
		ZhiHuExt\AnalysePage.js = ZhiHuExt\AnalysePage.js
		ZhiHuExt\AssocAns.html = ZhiHuExt\AssocAns.html
		ZhiHuExt\AssocAns.js = ZhiHuExt\AssocAns.js
		ZhiHuExt\background.html = ZhiHuExt\background.html
		ZhiHuExt\Export.html = ZhiHuExt\Export.html
		ZhiHuExt\Export.js = ZhiHuExt\Export.js
		ZhiHuExt\popup.html = ZhiHuExt\popup.html
		ZhiHuExt\popup.js = ZhiHuExt\popup.js
		ZhiHuExt\StatVoter.html = ZhiHuExt\StatVoter.html
		ZhiHuExt\StatVoter.js = ZhiHuExt\StatVoter.js
	EndProjectSection
EndProject
Project("{2150E333-8FDC-42A3-9474-1A3956D46DE8}") = "template", "template", "{D348C6E8-E1A4-4D91-A246-BACD33EE99A0}"
	ProjectSection(SolutionItems) = preProject
		template\answers-api.json = template\answers-api.json
		template\article-page.json = template\article-page.json
		template\people-page.json = template\people-page.json
		template\question-page.json = template\question-page.json
		template\voters-api.json = template\voters-api.json
	EndProjectSection
EndProject
Global
	GlobalSection(SolutionConfigurationPlatforms) = preSolution
		Debug|Any CPU = Debug|Any CPU
		Release|Any CPU = Release|Any CPU
	EndGlobalSection
	GlobalSection(ProjectConfigurationPlatforms) = postSolution
		{772249B6-6F17-4997-9A6D-CE98688727C1}.Debug|Any CPU.ActiveCfg = Debug|Any CPU
		{772249B6-6F17-4997-9A6D-CE98688727C1}.Debug|Any CPU.Build.0 = Debug|Any CPU
		{772249B6-6F17-4997-9A6D-CE98688727C1}.Release|Any CPU.ActiveCfg = Release|Any CPU
		{772249B6-6F17-4997-9A6D-CE98688727C1}.Release|Any CPU.Build.0 = Release|Any CPU
	EndGlobalSection
	GlobalSection(SolutionProperties) = preSolution
		HideSolutionNode = FALSE
	EndGlobalSection
	GlobalSection(NestedProjects) = preSolution
		{E8E9AB37-4664-46E6-9213-3E924CD6B125} = {93675B82-EC6C-4F02-80C6-4872E07264D3}
		{D348C6E8-E1A4-4D91-A246-BACD33EE99A0} = {BFFEC1DB-48AB-4FFA-B5E1-8273096F39F8}
	EndGlobalSection
	GlobalSection(ExtensibilityGlobals) = postSolution
		SolutionGuid = {032E8EC3-655A-4377-BA13-6692BB5DC119}
	EndGlobalSection
EndGlobal
